
Microsoft Visual Studio Solution File, Format Version 12.00
# Visual Studio Version 16
VisualStudioVersion = 16.0.32413.511
MinimumVisualStudioVersion = 10.0.40219.1
Project("{FAE04EC0-301F-11D3-BF4B-00C04F79EFBC}") = "FIzz_Buzz", "FIzz_Buzz.csproj", "{E3F7481E-7C30-44E6-8469-00D6938A8BE2}"
EndProject
Project("{2150E333-8FDC-42A3-9474-1A3956D46DE8}") = "Fizz Buzz APplication", "Fizz Buzz APplication", "{B3E508BA-9B35-43FE-AA9D-51DE8342F503}"
EndProject
Global
	GlobalSection(SolutionConfigurationPlatforms) = preSolution
		Debug|Any CPU = Debug|Any CPU
		Release|Any CPU = Release|Any CPU
	EndGlobalSection
	GlobalSection(ProjectConfigurationPlatforms) = postSolution
		{E3F7481E-7C30-44E6-8469-00D6938A8BE2}.Debug|Any CPU.ActiveCfg = Debug|Any CPU
		{E3F7481E-7C30-44E6-8469-00D6938A8BE2}.Debug|Any CPU.Build.0 = Debug|Any CPU
		{E3F7481E-7C30-44E6-8469-00D6938A8BE2}.Release|Any CPU.ActiveCfg = Release|Any CPU
		{E3F7481E-7C30-44E6-8469-00D6938A8BE2}.Release|Any CPU.Build.0 = Release|Any CPU
	EndGlobalSection
	GlobalSection(SolutionProperties) = preSolution
		HideSolutionNode = FALSE
	EndGlobalSection
	GlobalSection(NestedProjects) = preSolution
		{E3F7481E-7C30-44E6-8469-00D6938A8BE2} = {B3E508BA-9B35-43FE-AA9D-51DE8342F503}
	EndGlobalSection
	GlobalSection(ExtensibilityGlobals) = postSolution
		SolutionGuid = {46ABAF5C-FFF5-4CB2-941C-CE8A4003F13F}
	EndGlobalSection
EndGlobal
